// !$*UTF8*$!
{
	archiveVersion = 1;
	classes = {
	};
	objectVersion = 51;
	objects = {

/* Begin PBXBuildFile section */
		1816AC692421E34E00589CD9 /* AppDelegate.swift in Sources */ = {isa = PBXBuildFile; fileRef = 1816AC682421E34E00589CD9 /* AppDelegate.swift */; };
		1816AC702421E34E00589CD9 /* Main.storyboard in Resources */ = {isa = PBXBuildFile; fileRef = 1816AC6E2421E34E00589CD9 /* Main.storyboard */; };
		1816AC732421E34E00589CD9 /* PeopleTracker.xcdatamodeld in Sources */ = {isa = PBXBuildFile; fileRef = 1816AC712421E34E00589CD9 /* PeopleTracker.xcdatamodeld */; };
		1816AC752421E34E00589CD9 /* Assets.xcassets in Resources */ = {isa = PBXBuildFile; fileRef = 1816AC742421E34E00589CD9 /* Assets.xcassets */; };
		1816AC782421E34E00589CD9 /* LaunchScreen.storyboard in Resources */ = {isa = PBXBuildFile; fileRef = 1816AC762421E34E00589CD9 /* LaunchScreen.storyboard */; };
		1816AC832421E34F00589CD9 /* PeopleTrackerTests.swift in Sources */ = {isa = PBXBuildFile; fileRef = 1816AC822421E34F00589CD9 /* PeopleTrackerTests.swift */; };
		1816AC8E2421E34F00589CD9 /* PeopleTrackerUITests.swift in Sources */ = {isa = PBXBuildFile; fileRef = 1816AC8D2421E34F00589CD9 /* PeopleTrackerUITests.swift */; };
		1816ACA32421E94D00589CD9 /* LoginScreen.swift in Sources */ = {isa = PBXBuildFile; fileRef = 1816ACA22421E94D00589CD9 /* LoginScreen.swift */; };
		1816ACA72421E98700589CD9 /* HomeScreen.swift in Sources */ = {isa = PBXBuildFile; fileRef = 1816ACA62421E98700589CD9 /* HomeScreen.swift */; };
		1816ACAF2421EB1A00589CD9 /* AddDeviceScreen.swift in Sources */ = {isa = PBXBuildFile; fileRef = 1816ACAE2421EB1A00589CD9 /* AddDeviceScreen.swift */; };
		1816ACB12421EB2600589CD9 /* AddPersonScreen.swift in Sources */ = {isa = PBXBuildFile; fileRef = 1816ACB02421EB2600589CD9 /* AddPersonScreen.swift */; };
		1816ACB32421EB3200589CD9 /* CreateGroupScreen.swift in Sources */ = {isa = PBXBuildFile; fileRef = 1816ACB22421EB3200589CD9 /* CreateGroupScreen.swift */; };
		1816ACB52421EB3D00589CD9 /* GroupListScreen.swift in Sources */ = {isa = PBXBuildFile; fileRef = 1816ACB42421EB3D00589CD9 /* GroupListScreen.swift */; };
		1816ACB72421EB5C00589CD9 /* MapsScreen.swift in Sources */ = {isa = PBXBuildFile; fileRef = 1816ACB62421EB5C00589CD9 /* MapsScreen.swift */; };
		1816ACB92421EB7A00589CD9 /* Constants.swift in Sources */ = {isa = PBXBuildFile; fileRef = 1816ACB82421EB7A00589CD9 /* Constants.swift */; };
		1816ACBB2421EC8F00589CD9 /* HelpScreen.swift in Sources */ = {isa = PBXBuildFile; fileRef = 1816ACBA2421EC8F00589CD9 /* HelpScreen.swift */; };
		1816ACBD2421ECAF00589CD9 /* PrivacyPolicyScreen.swift in Sources */ = {isa = PBXBuildFile; fileRef = 1816ACBC2421ECAF00589CD9 /* PrivacyPolicyScreen.swift */; };
		1816ACBF2421F0B900589CD9 /* SceneDelegate.swift in Sources */ = {isa = PBXBuildFile; fileRef = 1816ACBE2421F0B900589CD9 /* SceneDelegate.swift */; };
		181ACFE52444337000EACCC5 /* LoginExtension.swift in Sources */ = {isa = PBXBuildFile; fileRef = 181ACFE42444337000EACCC5 /* LoginExtension.swift */; };
		1836E51B2433092B0078E572 /* NetowrkManager.swift in Sources */ = {isa = PBXBuildFile; fileRef = 1836E51A2433092B0078E572 /* NetowrkManager.swift */; };
		1836E51E24346D400078E572 /* StringExtensions.swift in Sources */ = {isa = PBXBuildFile; fileRef = 1836E51D24346D400078E572 /* StringExtensions.swift */; };
		183F9674242CCFD900235065 /* GroupCell.swift in Sources */ = {isa = PBXBuildFile; fileRef = 183F9673242CCFD900235065 /* GroupCell.swift */; };
		1845D6842428FAFC00584FB4 /* Utils.swift in Sources */ = {isa = PBXBuildFile; fileRef = 1845D6832428FAFC00584FB4 /* Utils.swift */; };
		1845D686242A0AE700584FB4 /* LoginModel.swift in Sources */ = {isa = PBXBuildFile; fileRef = 1845D685242A0AE700584FB4 /* LoginModel.swift */; };
		1845D688242A118500584FB4 /* UserService.swift in Sources */ = {isa = PBXBuildFile; fileRef = 1845D687242A118500584FB4 /* UserService.swift */; };
		185A044B244990540087FD9F /* GroupListModel.swift in Sources */ = {isa = PBXBuildFile; fileRef = 185A044A244990540087FD9F /* GroupListModel.swift */; };
		186321F024371236001E2E53 /* LocationModel.swift in Sources */ = {isa = PBXBuildFile; fileRef = 186321EF24371236001E2E53 /* LocationModel.swift */; };
		18708C422434A14C00940011 /* DeviceService.swift in Sources */ = {isa = PBXBuildFile; fileRef = 18708C412434A14C00940011 /* DeviceService.swift */; };
		18708C442434A5D200940011 /* DeviceModel.swift in Sources */ = {isa = PBXBuildFile; fileRef = 18708C432434A5D200940011 /* DeviceModel.swift */; };
		188D44E5242887CE001D8CF0 /* UserCell.swift in Sources */ = {isa = PBXBuildFile; fileRef = 188D44E4242887CE001D8CF0 /* UserCell.swift */; };
		18A06A802431FD4E00E72E93 /* UserService.swift in Sources */ = {isa = PBXBuildFile; fileRef = 1845D687242A118500584FB4 /* UserService.swift */; };
		18A06A812431FD4E00E72E93 /* UserService.swift in Sources */ = {isa = PBXBuildFile; fileRef = 1845D687242A118500584FB4 /* UserService.swift */; };
		18A1C8552449807B00BD365A /* GroupService.swift in Sources */ = {isa = PBXBuildFile; fileRef = 18A1C8542449807B00BD365A /* GroupService.swift */; };
		18A1C857244980F500BD365A /* GroupModel.swift in Sources */ = {isa = PBXBuildFile; fileRef = 18A1C856244980F500BD365A /* GroupModel.swift */; };
		18B905552445D442006ECCD1 /* SideMenuScreen.swift in Sources */ = {isa = PBXBuildFile; fileRef = 18B905542445D442006ECCD1 /* SideMenuScreen.swift */; };
		18CC651E24472100003736BC /* ProfileCell.swift in Sources */ = {isa = PBXBuildFile; fileRef = 18CC651D24472100003736BC /* ProfileCell.swift */; };
		18CC652024472109003736BC /* MenuCell.swift in Sources */ = {isa = PBXBuildFile; fileRef = 18CC651F24472109003736BC /* MenuCell.swift */; };
		18CC652224472EC9003736BC /* ActiveSessionsScreen.swift in Sources */ = {isa = PBXBuildFile; fileRef = 18CC652124472EC9003736BC /* ActiveSessionsScreen.swift */; };
		18CC652424472F17003736BC /* ProfileScreen.swift in Sources */ = {isa = PBXBuildFile; fileRef = 18CC652324472F17003736BC /* ProfileScreen.swift */; };
		18CC652624472F42003736BC /* SettingsScreen.swift in Sources */ = {isa = PBXBuildFile; fileRef = 18CC652524472F42003736BC /* SettingsScreen.swift */; };
		18CC652824472F5B003736BC /* HelpPrivacyScreen.swift in Sources */ = {isa = PBXBuildFile; fileRef = 18CC652724472F5B003736BC /* HelpPrivacyScreen.swift */; };
		18CC652A24473184003736BC /* AboutScreen.swift in Sources */ = {isa = PBXBuildFile; fileRef = 18CC652924473184003736BC /* AboutScreen.swift */; };
		18CC652E24484121003736BC /* UserModel.swift in Sources */ = {isa = PBXBuildFile; fileRef = 18CC652D24484121003736BC /* UserModel.swift */; };
		341FD4D5A42EEAA0F3ADF682 /* Pods_PeopleTrackerTests.framework in Frameworks */ = {isa = PBXBuildFile; fileRef = EBCFA2046750A007C2D0B6E1 /* Pods_PeopleTrackerTests.framework */; };
		B02417F2B72A1DCDF388C6A3 /* Pods_PeopleTracker_PeopleTrackerUITests.framework in Frameworks */ = {isa = PBXBuildFile; fileRef = F564BF8112588BCFEE328CD8 /* Pods_PeopleTracker_PeopleTrackerUITests.framework */; };
		CED90390BA1ECF5CD66B1A28 /* Pods_PeopleTracker.framework in Frameworks */ = {isa = PBXBuildFile; fileRef = 0F33F9A1ECF37C7294435877 /* Pods_PeopleTracker.framework */; };
/* End PBXBuildFile section */

/* Begin PBXContainerItemProxy section */
		1816AC7F2421E34F00589CD9 /* PBXContainerItemProxy */ = {
			isa = PBXContainerItemProxy;
			containerPortal = 1816AC5D2421E34E00589CD9 /* Project object */;
			proxyType = 1;
			remoteGlobalIDString = 1816AC642421E34E00589CD9;
			remoteInfo = PeopleTracker;
		};
		1816AC8A2421E34F00589CD9 /* PBXContainerItemProxy */ = {
			isa = PBXContainerItemProxy;
			containerPortal = 1816AC5D2421E34E00589CD9 /* Project object */;
			proxyType = 1;
			remoteGlobalIDString = 1816AC642421E34E00589CD9;
			remoteInfo = PeopleTracker;
		};
/* End PBXContainerItemProxy section */

/* Begin PBXFileReference section */
		0F33F9A1ECF37C7294435877 /* Pods_PeopleTracker.framework */ = {isa = PBXFileReference; explicitFileType = wrapper.framework; includeInIndex = 0; path = Pods_PeopleTracker.framework; sourceTree = BUILT_PRODUCTS_DIR; };
		1816AC652421E34E00589CD9 /* PeopleTracker.app */ = {isa = PBXFileReference; explicitFileType = wrapper.application; includeInIndex = 0; path = PeopleTracker.app; sourceTree = BUILT_PRODUCTS_DIR; };
		1816AC682421E34E00589CD9 /* AppDelegate.swift */ = {isa = PBXFileReference; lastKnownFileType = sourcecode.swift; path = AppDelegate.swift; sourceTree = "<group>"; };
		1816AC6F2421E34E00589CD9 /* Base */ = {isa = PBXFileReference; lastKnownFileType = file.storyboard; name = Base; path = Base.lproj/Main.storyboard; sourceTree = "<group>"; };
		1816AC722421E34E00589CD9 /* PeopleTracker.xcdatamodel */ = {isa = PBXFileReference; lastKnownFileType = wrapper.xcdatamodel; path = PeopleTracker.xcdatamodel; sourceTree = "<group>"; };
		1816AC742421E34E00589CD9 /* Assets.xcassets */ = {isa = PBXFileReference; lastKnownFileType = folder.assetcatalog; path = Assets.xcassets; sourceTree = "<group>"; };
		1816AC772421E34E00589CD9 /* Base */ = {isa = PBXFileReference; lastKnownFileType = file.storyboard; name = Base; path = Base.lproj/LaunchScreen.storyboard; sourceTree = "<group>"; };
		1816AC792421E34E00589CD9 /* Info.plist */ = {isa = PBXFileReference; lastKnownFileType = text.plist.xml; path = Info.plist; sourceTree = "<group>"; };
		1816AC7E2421E34F00589CD9 /* PeopleTrackerTests.xctest */ = {isa = PBXFileReference; explicitFileType = wrapper.cfbundle; includeInIndex = 0; path = PeopleTrackerTests.xctest; sourceTree = BUILT_PRODUCTS_DIR; };
		1816AC822421E34F00589CD9 /* PeopleTrackerTests.swift */ = {isa = PBXFileReference; lastKnownFileType = sourcecode.swift; path = PeopleTrackerTests.swift; sourceTree = "<group>"; };
		1816AC842421E34F00589CD9 /* Info.plist */ = {isa = PBXFileReference; lastKnownFileType = text.plist.xml; path = Info.plist; sourceTree = "<group>"; };
		1816AC892421E34F00589CD9 /* PeopleTrackerUITests.xctest */ = {isa = PBXFileReference; explicitFileType = wrapper.cfbundle; includeInIndex = 0; path = PeopleTrackerUITests.xctest; sourceTree = BUILT_PRODUCTS_DIR; };
		1816AC8D2421E34F00589CD9 /* PeopleTrackerUITests.swift */ = {isa = PBXFileReference; lastKnownFileType = sourcecode.swift; path = PeopleTrackerUITests.swift; sourceTree = "<group>"; };
		1816AC8F2421E34F00589CD9 /* Info.plist */ = {isa = PBXFileReference; lastKnownFileType = text.plist.xml; path = Info.plist; sourceTree = "<group>"; };
		1816ACA22421E94D00589CD9 /* LoginScreen.swift */ = {isa = PBXFileReference; lastKnownFileType = sourcecode.swift; path = LoginScreen.swift; sourceTree = "<group>"; };
		1816ACA62421E98700589CD9 /* HomeScreen.swift */ = {isa = PBXFileReference; lastKnownFileType = sourcecode.swift; path = HomeScreen.swift; sourceTree = "<group>"; };
		1816ACAE2421EB1A00589CD9 /* AddDeviceScreen.swift */ = {isa = PBXFileReference; lastKnownFileType = sourcecode.swift; path = AddDeviceScreen.swift; sourceTree = "<group>"; };
		1816ACB02421EB2600589CD9 /* AddPersonScreen.swift */ = {isa = PBXFileReference; lastKnownFileType = sourcecode.swift; path = AddPersonScreen.swift; sourceTree = "<group>"; };
		1816ACB22421EB3200589CD9 /* CreateGroupScreen.swift */ = {isa = PBXFileReference; lastKnownFileType = sourcecode.swift; path = CreateGroupScreen.swift; sourceTree = "<group>"; };
		1816ACB42421EB3D00589CD9 /* GroupListScreen.swift */ = {isa = PBXFileReference; lastKnownFileType = sourcecode.swift; path = GroupListScreen.swift; sourceTree = "<group>"; };
		1816ACB62421EB5C00589CD9 /* MapsScreen.swift */ = {isa = PBXFileReference; lastKnownFileType = sourcecode.swift; path = MapsScreen.swift; sourceTree = "<group>"; };
		1816ACB82421EB7A00589CD9 /* Constants.swift */ = {isa = PBXFileReference; lastKnownFileType = sourcecode.swift; path = Constants.swift; sourceTree = "<group>"; };
		1816ACBA2421EC8F00589CD9 /* HelpScreen.swift */ = {isa = PBXFileReference; lastKnownFileType = sourcecode.swift; path = HelpScreen.swift; sourceTree = "<group>"; };
		1816ACBC2421ECAF00589CD9 /* PrivacyPolicyScreen.swift */ = {isa = PBXFileReference; lastKnownFileType = sourcecode.swift; path = PrivacyPolicyScreen.swift; sourceTree = "<group>"; };
		1816ACBE2421F0B900589CD9 /* SceneDelegate.swift */ = {isa = PBXFileReference; fileEncoding = 4; lastKnownFileType = sourcecode.swift; path = SceneDelegate.swift; sourceTree = "<group>"; };
		181ACFE42444337000EACCC5 /* LoginExtension.swift */ = {isa = PBXFileReference; lastKnownFileType = sourcecode.swift; path = LoginExtension.swift; sourceTree = "<group>"; };
		1836E51A2433092B0078E572 /* NetowrkManager.swift */ = {isa = PBXFileReference; lastKnownFileType = sourcecode.swift; path = NetowrkManager.swift; sourceTree = "<group>"; };
		1836E51D24346D400078E572 /* StringExtensions.swift */ = {isa = PBXFileReference; lastKnownFileType = sourcecode.swift; path = StringExtensions.swift; sourceTree = "<group>"; };
		183F9673242CCFD900235065 /* GroupCell.swift */ = {isa = PBXFileReference; lastKnownFileType = sourcecode.swift; path = GroupCell.swift; sourceTree = "<group>"; };
		1845D6832428FAFC00584FB4 /* Utils.swift */ = {isa = PBXFileReference; lastKnownFileType = sourcecode.swift; path = Utils.swift; sourceTree = "<group>"; };
		1845D685242A0AE700584FB4 /* LoginModel.swift */ = {isa = PBXFileReference; lastKnownFileType = sourcecode.swift; path = LoginModel.swift; sourceTree = "<group>"; };
		1845D687242A118500584FB4 /* UserService.swift */ = {isa = PBXFileReference; lastKnownFileType = sourcecode.swift; path = UserService.swift; sourceTree = "<group>"; };
		185A044A244990540087FD9F /* GroupListModel.swift */ = {isa = PBXFileReference; lastKnownFileType = sourcecode.swift; path = GroupListModel.swift; sourceTree = "<group>"; };
		186321EF24371236001E2E53 /* LocationModel.swift */ = {isa = PBXFileReference; lastKnownFileType = sourcecode.swift; path = LocationModel.swift; sourceTree = "<group>"; };
		18708C412434A14C00940011 /* DeviceService.swift */ = {isa = PBXFileReference; lastKnownFileType = sourcecode.swift; path = DeviceService.swift; sourceTree = "<group>"; };
		18708C432434A5D200940011 /* DeviceModel.swift */ = {isa = PBXFileReference; lastKnownFileType = sourcecode.swift; path = DeviceModel.swift; sourceTree = "<group>"; };
		188D44E4242887CE001D8CF0 /* UserCell.swift */ = {isa = PBXFileReference; lastKnownFileType = sourcecode.swift; path = UserCell.swift; sourceTree = "<group>"; };
		18A1C8542449807B00BD365A /* GroupService.swift */ = {isa = PBXFileReference; lastKnownFileType = sourcecode.swift; path = GroupService.swift; sourceTree = "<group>"; };
		18A1C856244980F500BD365A /* GroupModel.swift */ = {isa = PBXFileReference; lastKnownFileType = sourcecode.swift; path = GroupModel.swift; sourceTree = "<group>"; };
		18B905542445D442006ECCD1 /* SideMenuScreen.swift */ = {isa = PBXFileReference; lastKnownFileType = sourcecode.swift; path = SideMenuScreen.swift; sourceTree = "<group>"; };
		18CC651D24472100003736BC /* ProfileCell.swift */ = {isa = PBXFileReference; lastKnownFileType = sourcecode.swift; path = ProfileCell.swift; sourceTree = "<group>"; };
		18CC651F24472109003736BC /* MenuCell.swift */ = {isa = PBXFileReference; lastKnownFileType = sourcecode.swift; path = MenuCell.swift; sourceTree = "<group>"; };
		18CC652124472EC9003736BC /* ActiveSessionsScreen.swift */ = {isa = PBXFileReference; lastKnownFileType = sourcecode.swift; path = ActiveSessionsScreen.swift; sourceTree = "<group>"; };
		18CC652324472F17003736BC /* ProfileScreen.swift */ = {isa = PBXFileReference; lastKnownFileType = sourcecode.swift; path = ProfileScreen.swift; sourceTree = "<group>"; };
		18CC652524472F42003736BC /* SettingsScreen.swift */ = {isa = PBXFileReference; lastKnownFileType = sourcecode.swift; path = SettingsScreen.swift; sourceTree = "<group>"; };
		18CC652724472F5B003736BC /* HelpPrivacyScreen.swift */ = {isa = PBXFileReference; lastKnownFileType = sourcecode.swift; path = HelpPrivacyScreen.swift; sourceTree = "<group>"; };
		18CC652924473184003736BC /* AboutScreen.swift */ = {isa = PBXFileReference; lastKnownFileType = sourcecode.swift; path = AboutScreen.swift; sourceTree = "<group>"; };
		18CC652D24484121003736BC /* UserModel.swift */ = {isa = PBXFileReference; lastKnownFileType = sourcecode.swift; path = UserModel.swift; sourceTree = "<group>"; };
		1D06A41AB10B7A158607EC5E /* Pods-PeopleTrackerTests.debug.xcconfig */ = {isa = PBXFileReference; includeInIndex = 1; lastKnownFileType = text.xcconfig; name = "Pods-PeopleTrackerTests.debug.xcconfig"; path = "Target Support Files/Pods-PeopleTrackerTests/Pods-PeopleTrackerTests.debug.xcconfig"; sourceTree = "<group>"; };
		4062F81057CFA54509C942FE /* Pods-PeopleTracker.release.xcconfig */ = {isa = PBXFileReference; includeInIndex = 1; lastKnownFileType = text.xcconfig; name = "Pods-PeopleTracker.release.xcconfig"; path = "Target Support Files/Pods-PeopleTracker/Pods-PeopleTracker.release.xcconfig"; sourceTree = "<group>"; };
		8726BFA3D79D73A1F648C7BB /* Pods-PeopleTracker-PeopleTrackerUITests.debug.xcconfig */ = {isa = PBXFileReference; includeInIndex = 1; lastKnownFileType = text.xcconfig; name = "Pods-PeopleTracker-PeopleTrackerUITests.debug.xcconfig"; path = "Target Support Files/Pods-PeopleTracker-PeopleTrackerUITests/Pods-PeopleTracker-PeopleTrackerUITests.debug.xcconfig"; sourceTree = "<group>"; };
		9A77D6151A0AD77C89A5186A /* Pods-PeopleTracker-PeopleTrackerUITests.release.xcconfig */ = {isa = PBXFileReference; includeInIndex = 1; lastKnownFileType = text.xcconfig; name = "Pods-PeopleTracker-PeopleTrackerUITests.release.xcconfig"; path = "Target Support Files/Pods-PeopleTracker-PeopleTrackerUITests/Pods-PeopleTracker-PeopleTrackerUITests.release.xcconfig"; sourceTree = "<group>"; };
		DC414483DE5DB77445900FFF /* Pods-PeopleTrackerTests.release.xcconfig */ = {isa = PBXFileReference; includeInIndex = 1; lastKnownFileType = text.xcconfig; name = "Pods-PeopleTrackerTests.release.xcconfig"; path = "Target Support Files/Pods-PeopleTrackerTests/Pods-PeopleTrackerTests.release.xcconfig"; sourceTree = "<group>"; };
		E777C587E63BEBBC0E877072 /* Pods-PeopleTracker.debug.xcconfig */ = {isa = PBXFileReference; includeInIndex = 1; lastKnownFileType = text.xcconfig; name = "Pods-PeopleTracker.debug.xcconfig"; path = "Target Support Files/Pods-PeopleTracker/Pods-PeopleTracker.debug.xcconfig"; sourceTree = "<group>"; };
		EBCFA2046750A007C2D0B6E1 /* Pods_PeopleTrackerTests.framework */ = {isa = PBXFileReference; explicitFileType = wrapper.framework; includeInIndex = 0; path = Pods_PeopleTrackerTests.framework; sourceTree = BUILT_PRODUCTS_DIR; };
		F564BF8112588BCFEE328CD8 /* Pods_PeopleTracker_PeopleTrackerUITests.framework */ = {isa = PBXFileReference; explicitFileType = wrapper.framework; includeInIndex = 0; path = Pods_PeopleTracker_PeopleTrackerUITests.framework; sourceTree = BUILT_PRODUCTS_DIR; };
/* End PBXFileReference section */

/* Begin PBXFrameworksBuildPhase section */
		1816AC622421E34E00589CD9 /* Frameworks */ = {
			isa = PBXFrameworksBuildPhase;
			buildActionMask = 2147483647;
			files = (
				CED90390BA1ECF5CD66B1A28 /* Pods_PeopleTracker.framework in Frameworks */,
			);
			runOnlyForDeploymentPostprocessing = 0;
		};
		1816AC7B2421E34F00589CD9 /* Frameworks */ = {
			isa = PBXFrameworksBuildPhase;
			buildActionMask = 2147483647;
			files = (
				341FD4D5A42EEAA0F3ADF682 /* Pods_PeopleTrackerTests.framework in Frameworks */,
			);
			runOnlyForDeploymentPostprocessing = 0;
		};
		1816AC862421E34F00589CD9 /* Frameworks */ = {
			isa = PBXFrameworksBuildPhase;
			buildActionMask = 2147483647;
			files = (
				B02417F2B72A1DCDF388C6A3 /* Pods_PeopleTracker_PeopleTrackerUITests.framework in Frameworks */,
			);
			runOnlyForDeploymentPostprocessing = 0;
		};
/* End PBXFrameworksBuildPhase section */

/* Begin PBXGroup section */
		1816AC5C2421E34E00589CD9 = {
			isa = PBXGroup;
			children = (
				1816AC672421E34E00589CD9 /* PeopleTracker */,
				1816AC812421E34F00589CD9 /* PeopleTrackerTests */,
				1816AC8C2421E34F00589CD9 /* PeopleTrackerUITests */,
				1816AC662421E34E00589CD9 /* Products */,
				35301FD2269CECD473AEA818 /* Pods */,
				8DEBFE89FF603561931D9B06 /* Frameworks */,
			);
			sourceTree = "<group>";
		};
		1816AC662421E34E00589CD9 /* Products */ = {
			isa = PBXGroup;
			children = (
				1816AC652421E34E00589CD9 /* PeopleTracker.app */,
				1816AC7E2421E34F00589CD9 /* PeopleTrackerTests.xctest */,
				1816AC892421E34F00589CD9 /* PeopleTrackerUITests.xctest */,
			);
			name = Products;
			sourceTree = "<group>";
		};
		1816AC672421E34E00589CD9 /* PeopleTracker */ = {
			isa = PBXGroup;
			children = (
				1836E51C24346D220078E572 /* Extensions */,
				1816AC9D2421E3C100589CD9 /* NetworkLayer */,
				1816AC9C2421E3B700589CD9 /* DatabaseLayer */,
				1816AC9B2421E39E00589CD9 /* PresentationLayer */,
				1816AC9E2421E3D200589CD9 /* Utils */,
				1816AC682421E34E00589CD9 /* AppDelegate.swift */,
				1816ACBE2421F0B900589CD9 /* SceneDelegate.swift */,
				1816AC6E2421E34E00589CD9 /* Main.storyboard */,
				1816AC742421E34E00589CD9 /* Assets.xcassets */,
				1816AC762421E34E00589CD9 /* LaunchScreen.storyboard */,
				1816AC792421E34E00589CD9 /* Info.plist */,
				1816AC712421E34E00589CD9 /* PeopleTracker.xcdatamodeld */,
			);
			path = PeopleTracker;
			sourceTree = "<group>";
		};
		1816AC812421E34F00589CD9 /* PeopleTrackerTests */ = {
			isa = PBXGroup;
			children = (
				1816AC822421E34F00589CD9 /* PeopleTrackerTests.swift */,
				1816AC842421E34F00589CD9 /* Info.plist */,
			);
			path = PeopleTrackerTests;
			sourceTree = "<group>";
		};
		1816AC8C2421E34F00589CD9 /* PeopleTrackerUITests */ = {
			isa = PBXGroup;
			children = (
				1816AC8D2421E34F00589CD9 /* PeopleTrackerUITests.swift */,
				1816AC8F2421E34F00589CD9 /* Info.plist */,
			);
			path = PeopleTrackerUITests;
			sourceTree = "<group>";
		};
		1816AC9B2421E39E00589CD9 /* PresentationLayer */ = {
			isa = PBXGroup;
			children = (
				18B905532445D435006ECCD1 /* Menu */,
				1816ACC0242211D900589CD9 /* CustomCell */,
				1816ACAD2421E9DB00589CD9 /* Group */,
				1816ACA82421E9B700589CD9 /* Device */,
				1816ACA22421E94D00589CD9 /* LoginScreen.swift */,
				1816ACA62421E98700589CD9 /* HomeScreen.swift */,
				1816ACB62421EB5C00589CD9 /* MapsScreen.swift */,
				1816ACBA2421EC8F00589CD9 /* HelpScreen.swift */,
				1816ACBC2421ECAF00589CD9 /* PrivacyPolicyScreen.swift */,
			);
			path = PresentationLayer;
			sourceTree = "<group>";
		};
		1816AC9C2421E3B700589CD9 /* DatabaseLayer */ = {
			isa = PBXGroup;
			children = (
				1845D685242A0AE700584FB4 /* LoginModel.swift */,
				18708C432434A5D200940011 /* DeviceModel.swift */,
				18CC652D24484121003736BC /* UserModel.swift */,
				18A1C856244980F500BD365A /* GroupModel.swift */,
				185A044A244990540087FD9F /* GroupListModel.swift */,
			);
			path = DatabaseLayer;
			sourceTree = "<group>";
		};
		1816AC9D2421E3C100589CD9 /* NetworkLayer */ = {
			isa = PBXGroup;
			children = (
				1845D687242A118500584FB4 /* UserService.swift */,
				1836E51A2433092B0078E572 /* NetowrkManager.swift */,
				18708C412434A14C00940011 /* DeviceService.swift */,
				18A1C8542449807B00BD365A /* GroupService.swift */,
			);
			path = NetworkLayer;
			sourceTree = "<group>";
		};
		1816AC9E2421E3D200589CD9 /* Utils */ = {
			isa = PBXGroup;
			children = (
				1816ACB82421EB7A00589CD9 /* Constants.swift */,
				1845D6832428FAFC00584FB4 /* Utils.swift */,
			);
			path = Utils;
			sourceTree = "<group>";
		};
		1816ACA82421E9B700589CD9 /* Device */ = {
			isa = PBXGroup;
			children = (
				1816ACAE2421EB1A00589CD9 /* AddDeviceScreen.swift */,
				1816ACB02421EB2600589CD9 /* AddPersonScreen.swift */,
			);
			path = Device;
			sourceTree = "<group>";
		};
		1816ACAD2421E9DB00589CD9 /* Group */ = {
			isa = PBXGroup;
			children = (
				1816ACB22421EB3200589CD9 /* CreateGroupScreen.swift */,
				1816ACB42421EB3D00589CD9 /* GroupListScreen.swift */,
			);
			path = Group;
			sourceTree = "<group>";
		};
		1816ACC0242211D900589CD9 /* CustomCell */ = {
			isa = PBXGroup;
			children = (
				188D44E4242887CE001D8CF0 /* UserCell.swift */,
				183F9673242CCFD900235065 /* GroupCell.swift */,
				18CC651D24472100003736BC /* ProfileCell.swift */,
				18CC651F24472109003736BC /* MenuCell.swift */,
			);
			path = CustomCell;
			sourceTree = "<group>";
		};
		1836E51C24346D220078E572 /* Extensions */ = {
			isa = PBXGroup;
			children = (
				1836E51D24346D400078E572 /* StringExtensions.swift */,
				181ACFE42444337000EACCC5 /* LoginExtension.swift */,
			);
			path = Extensions;
			sourceTree = "<group>";
		};
		18B905532445D435006ECCD1 /* Menu */ = {
			isa = PBXGroup;
			children = (
				18B905542445D442006ECCD1 /* SideMenuScreen.swift */,
				18CC652124472EC9003736BC /* ActiveSessionsScreen.swift */,
				18CC652324472F17003736BC /* ProfileScreen.swift */,
				18CC652524472F42003736BC /* SettingsScreen.swift */,
				186321EF24371236001E2E53 /* LocationModel.swift */,
				18CC652724472F5B003736BC /* HelpPrivacyScreen.swift */,
				18CC652924473184003736BC /* AboutScreen.swift */,
			);
			path = Menu;
			sourceTree = "<group>";
		};
		35301FD2269CECD473AEA818 /* Pods */ = {
			isa = PBXGroup;
			children = (
				E777C587E63BEBBC0E877072 /* Pods-PeopleTracker.debug.xcconfig */,
				4062F81057CFA54509C942FE /* Pods-PeopleTracker.release.xcconfig */,
				8726BFA3D79D73A1F648C7BB /* Pods-PeopleTracker-PeopleTrackerUITests.debug.xcconfig */,
				9A77D6151A0AD77C89A5186A /* Pods-PeopleTracker-PeopleTrackerUITests.release.xcconfig */,
				1D06A41AB10B7A158607EC5E /* Pods-PeopleTrackerTests.debug.xcconfig */,
				DC414483DE5DB77445900FFF /* Pods-PeopleTrackerTests.release.xcconfig */,
			);
			path = Pods;
			sourceTree = "<group>";
		};
		8DEBFE89FF603561931D9B06 /* Frameworks */ = {
			isa = PBXGroup;
			children = (
				0F33F9A1ECF37C7294435877 /* Pods_PeopleTracker.framework */,
				F564BF8112588BCFEE328CD8 /* Pods_PeopleTracker_PeopleTrackerUITests.framework */,
				EBCFA2046750A007C2D0B6E1 /* Pods_PeopleTrackerTests.framework */,
			);
			name = Frameworks;
			sourceTree = "<group>";
		};
/* End PBXGroup section */

/* Begin PBXNativeTarget section */
		1816AC642421E34E00589CD9 /* PeopleTracker */ = {
			isa = PBXNativeTarget;
			buildConfigurationList = 1816AC922421E34F00589CD9 /* Build configuration list for PBXNativeTarget "PeopleTracker" */;
			buildPhases = (
				C0DDC2C1F45F2FA604947AA1 /* [CP] Check Pods Manifest.lock */,
				1816AC612421E34E00589CD9 /* Sources */,
				1816AC622421E34E00589CD9 /* Frameworks */,
				1816AC632421E34E00589CD9 /* Resources */,
				4FB65E5A2103B6C30D352476 /* [CP] Copy Pods Resources */,
				DAB6DEC0D6DD5C5C034DFC94 /* [CP] Embed Pods Frameworks */,
			);
			buildRules = (
			);
			dependencies = (
			);
			name = PeopleTracker;
			productName = PeopleTracker;
			productReference = 1816AC652421E34E00589CD9 /* PeopleTracker.app */;
			productType = "com.apple.product-type.application";
		};
		1816AC7D2421E34F00589CD9 /* PeopleTrackerTests */ = {
			isa = PBXNativeTarget;
			buildConfigurationList = 1816AC952421E34F00589CD9 /* Build configuration list for PBXNativeTarget "PeopleTrackerTests" */;
			buildPhases = (
				A60944E48055453B35047A72 /* [CP] Check Pods Manifest.lock */,
				1816AC7A2421E34F00589CD9 /* Sources */,
				1816AC7B2421E34F00589CD9 /* Frameworks */,
				1816AC7C2421E34F00589CD9 /* Resources */,
			);
			buildRules = (
			);
			dependencies = (
				1816AC802421E34F00589CD9 /* PBXTargetDependency */,
			);
			name = PeopleTrackerTests;
			productName = PeopleTrackerTests;
			productReference = 1816AC7E2421E34F00589CD9 /* PeopleTrackerTests.xctest */;
			productType = "com.apple.product-type.bundle.unit-test";
		};
		1816AC882421E34F00589CD9 /* PeopleTrackerUITests */ = {
			isa = PBXNativeTarget;
			buildConfigurationList = 1816AC982421E34F00589CD9 /* Build configuration list for PBXNativeTarget "PeopleTrackerUITests" */;
			buildPhases = (
				D4B28B81A19FF3624981BCE5 /* [CP] Check Pods Manifest.lock */,
				1816AC852421E34F00589CD9 /* Sources */,
				1816AC862421E34F00589CD9 /* Frameworks */,
				1816AC872421E34F00589CD9 /* Resources */,
				D26138AE11B4E95AFCA91F5F /* [CP] Copy Pods Resources */,
				0DBC67169436F811A908BE2B /* [CP] Embed Pods Frameworks */,
			);
			buildRules = (
			);
			dependencies = (
				1816AC8B2421E34F00589CD9 /* PBXTargetDependency */,
			);
			name = PeopleTrackerUITests;
			productName = PeopleTrackerUITests;
			productReference = 1816AC892421E34F00589CD9 /* PeopleTrackerUITests.xctest */;
			productType = "com.apple.product-type.bundle.ui-testing";
		};
/* End PBXNativeTarget section */

/* Begin PBXProject section */
		1816AC5D2421E34E00589CD9 /* Project object */ = {
			isa = PBXProject;
			attributes = {
				LastSwiftUpdateCheck = 1130;
				LastUpgradeCheck = 1130;
				ORGANIZATIONNAME = Apple;
				TargetAttributes = {
					1816AC642421E34E00589CD9 = {
						CreatedOnToolsVersion = 11.3;
					};
					1816AC7D2421E34F00589CD9 = {
						CreatedOnToolsVersion = 11.3;
						TestTargetID = 1816AC642421E34E00589CD9;
					};
					1816AC882421E34F00589CD9 = {
						CreatedOnToolsVersion = 11.3;
						TestTargetID = 1816AC642421E34E00589CD9;
					};
				};
			};
			buildConfigurationList = 1816AC602421E34E00589CD9 /* Build configuration list for PBXProject "PeopleTracker" */;
			compatibilityVersion = "Xcode 9.3";
			developmentRegion = en;
			hasScannedForEncodings = 0;
			knownRegions = (
				en,
				Base,
			);
			mainGroup = 1816AC5C2421E34E00589CD9;
			productRefGroup = 1816AC662421E34E00589CD9 /* Products */;
			projectDirPath = "";
			projectRoot = "";
			targets = (
				1816AC642421E34E00589CD9 /* PeopleTracker */,
				1816AC7D2421E34F00589CD9 /* PeopleTrackerTests */,
				1816AC882421E34F00589CD9 /* PeopleTrackerUITests */,
			);
		};
/* End PBXProject section */

/* Begin PBXResourcesBuildPhase section */
		1816AC632421E34E00589CD9 /* Resources */ = {
			isa = PBXResourcesBuildPhase;
			buildActionMask = 2147483647;
			files = (
				1816AC782421E34E00589CD9 /* LaunchScreen.storyboard in Resources */,
				1816AC752421E34E00589CD9 /* Assets.xcassets in Resources */,
				1816AC702421E34E00589CD9 /* Main.storyboard in Resources */,
			);
			runOnlyForDeploymentPostprocessing = 0;
		};
		1816AC7C2421E34F00589CD9 /* Resources */ = {
			isa = PBXResourcesBuildPhase;
			buildActionMask = 2147483647;
			files = (
			);
			runOnlyForDeploymentPostprocessing = 0;
		};
		1816AC872421E34F00589CD9 /* Resources */ = {
			isa = PBXResourcesBuildPhase;
			buildActionMask = 2147483647;
			files = (
			);
			runOnlyForDeploymentPostprocessing = 0;
		};
/* End PBXResourcesBuildPhase section */

/* Begin PBXShellScriptBuildPhase section */
		0DBC67169436F811A908BE2B /* [CP] Embed Pods Frameworks */ = {
			isa = PBXShellScriptBuildPhase;
			buildActionMask = 2147483647;
			files = (
			);
			inputFileListPaths = (
				"${PODS_ROOT}/Target Support Files/Pods-PeopleTracker-PeopleTrackerUITests/Pods-PeopleTracker-PeopleTrackerUITests-frameworks-${CONFIGURATION}-input-files.xcfilelist",
			);
			name = "[CP] Embed Pods Frameworks";
			outputFileListPaths = (
				"${PODS_ROOT}/Target Support Files/Pods-PeopleTracker-PeopleTrackerUITests/Pods-PeopleTracker-PeopleTrackerUITests-frameworks-${CONFIGURATION}-output-files.xcfilelist",
			);
			runOnlyForDeploymentPostprocessing = 0;
			shellPath = /bin/sh;
			shellScript = "\"${PODS_ROOT}/Target Support Files/Pods-PeopleTracker-PeopleTrackerUITests/Pods-PeopleTracker-PeopleTrackerUITests-frameworks.sh\"\n";
			showEnvVarsInLog = 0;
		};
		4FB65E5A2103B6C30D352476 /* [CP] Copy Pods Resources */ = {
			isa = PBXShellScriptBuildPhase;
			buildActionMask = 2147483647;
			files = (
			);
			inputFileListPaths = (
				"${PODS_ROOT}/Target Support Files/Pods-PeopleTracker/Pods-PeopleTracker-resources-${CONFIGURATION}-input-files.xcfilelist",
			);
			name = "[CP] Copy Pods Resources";
			outputFileListPaths = (
				"${PODS_ROOT}/Target Support Files/Pods-PeopleTracker/Pods-PeopleTracker-resources-${CONFIGURATION}-output-files.xcfilelist",
			);
			runOnlyForDeploymentPostprocessing = 0;
			shellPath = /bin/sh;
			shellScript = "\"${PODS_ROOT}/Target Support Files/Pods-PeopleTracker/Pods-PeopleTracker-resources.sh\"\n";
			showEnvVarsInLog = 0;
		};
		A60944E48055453B35047A72 /* [CP] Check Pods Manifest.lock */ = {
			isa = PBXShellScriptBuildPhase;
			buildActionMask = 2147483647;
			files = (
			);
			inputFileListPaths = (
			);
			inputPaths = (
				"${PODS_PODFILE_DIR_PATH}/Podfile.lock",
				"${PODS_ROOT}/Manifest.lock",
			);
			name = "[CP] Check Pods Manifest.lock";
			outputFileListPaths = (
			);
			outputPaths = (
				"$(DERIVED_FILE_DIR)/Pods-PeopleTrackerTests-checkManifestLockResult.txt",
			);
			runOnlyForDeploymentPostprocessing = 0;
			shellPath = /bin/sh;
			shellScript = "diff \"${PODS_PODFILE_DIR_PATH}/Podfile.lock\" \"${PODS_ROOT}/Manifest.lock\" > /dev/null\nif [ $? != 0 ] ; then\n    # print error to STDERR\n    echo \"error: The sandbox is not in sync with the Podfile.lock. Run 'pod install' or update your CocoaPods installation.\" >&2\n    exit 1\nfi\n# This output is used by Xcode 'outputs' to avoid re-running this script phase.\necho \"SUCCESS\" > \"${SCRIPT_OUTPUT_FILE_0}\"\n";
			showEnvVarsInLog = 0;
		};
		C0DDC2C1F45F2FA604947AA1 /* [CP] Check Pods Manifest.lock */ = {
			isa = PBXShellScriptBuildPhase;
			buildActionMask = 2147483647;
			files = (
			);
			inputFileListPaths = (
			);
			inputPaths = (
				"${PODS_PODFILE_DIR_PATH}/Podfile.lock",
				"${PODS_ROOT}/Manifest.lock",
			);
			name = "[CP] Check Pods Manifest.lock";
			outputFileListPaths = (
			);
			outputPaths = (
				"$(DERIVED_FILE_DIR)/Pods-PeopleTracker-checkManifestLockResult.txt",
			);
			runOnlyForDeploymentPostprocessing = 0;
			shellPath = /bin/sh;
			shellScript = "diff \"${PODS_PODFILE_DIR_PATH}/Podfile.lock\" \"${PODS_ROOT}/Manifest.lock\" > /dev/null\nif [ $? != 0 ] ; then\n    # print error to STDERR\n    echo \"error: The sandbox is not in sync with the Podfile.lock. Run 'pod install' or update your CocoaPods installation.\" >&2\n    exit 1\nfi\n# This output is used by Xcode 'outputs' to avoid re-running this script phase.\necho \"SUCCESS\" > \"${SCRIPT_OUTPUT_FILE_0}\"\n";
			showEnvVarsInLog = 0;
		};
		D26138AE11B4E95AFCA91F5F /* [CP] Copy Pods Resources */ = {
			isa = PBXShellScriptBuildPhase;
			buildActionMask = 2147483647;
			files = (
			);
			inputFileListPaths = (
				"${PODS_ROOT}/Target Support Files/Pods-PeopleTracker-PeopleTrackerUITests/Pods-PeopleTracker-PeopleTrackerUITests-resources-${CONFIGURATION}-input-files.xcfilelist",
			);
			name = "[CP] Copy Pods Resources";
			outputFileListPaths = (
				"${PODS_ROOT}/Target Support Files/Pods-PeopleTracker-PeopleTrackerUITests/Pods-PeopleTracker-PeopleTrackerUITests-resources-${CONFIGURATION}-output-files.xcfilelist",
			);
			runOnlyForDeploymentPostprocessing = 0;
			shellPath = /bin/sh;
			shellScript = "\"${PODS_ROOT}/Target Support Files/Pods-PeopleTracker-PeopleTrackerUITests/Pods-PeopleTracker-PeopleTrackerUITests-resources.sh\"\n";
			showEnvVarsInLog = 0;
		};
		D4B28B81A19FF3624981BCE5 /* [CP] Check Pods Manifest.lock */ = {
			isa = PBXShellScriptBuildPhase;
			buildActionMask = 2147483647;
			files = (
			);
			inputFileListPaths = (
			);
			inputPaths = (
				"${PODS_PODFILE_DIR_PATH}/Podfile.lock",
				"${PODS_ROOT}/Manifest.lock",
			);
			name = "[CP] Check Pods Manifest.lock";
			outputFileListPaths = (
			);
			outputPaths = (
				"$(DERIVED_FILE_DIR)/Pods-PeopleTracker-PeopleTrackerUITests-checkManifestLockResult.txt",
			);
			runOnlyForDeploymentPostprocessing = 0;
			shellPath = /bin/sh;
			shellScript = "diff \"${PODS_PODFILE_DIR_PATH}/Podfile.lock\" \"${PODS_ROOT}/Manifest.lock\" > /dev/null\nif [ $? != 0 ] ; then\n    # print error to STDERR\n    echo \"error: The sandbox is not in sync with the Podfile.lock. Run 'pod install' or update your CocoaPods installation.\" >&2\n    exit 1\nfi\n# This output is used by Xcode 'outputs' to avoid re-running this script phase.\necho \"SUCCESS\" > \"${SCRIPT_OUTPUT_FILE_0}\"\n";
			showEnvVarsInLog = 0;
		};
		DAB6DEC0D6DD5C5C034DFC94 /* [CP] Embed Pods Frameworks */ = {
			isa = PBXShellScriptBuildPhase;
			buildActionMask = 2147483647;
			files = (
			);
			inputFileListPaths = (
				"${PODS_ROOT}/Target Support Files/Pods-PeopleTracker/Pods-PeopleTracker-frameworks-${CONFIGURATION}-input-files.xcfilelist",
			);
			name = "[CP] Embed Pods Frameworks";
			outputFileListPaths = (
				"${PODS_ROOT}/Target Support Files/Pods-PeopleTracker/Pods-PeopleTracker-frameworks-${CONFIGURATION}-output-files.xcfilelist",
			);
			runOnlyForDeploymentPostprocessing = 0;
			shellPath = /bin/sh;
			shellScript = "\"${PODS_ROOT}/Target Support Files/Pods-PeopleTracker/Pods-PeopleTracker-frameworks.sh\"\n";
			showEnvVarsInLog = 0;
		};
/* End PBXShellScriptBuildPhase section */

/* Begin PBXSourcesBuildPhase section */
		1816AC612421E34E00589CD9 /* Sources */ = {
			isa = PBXSourcesBuildPhase;
			buildActionMask = 2147483647;
			files = (
				1816ACBD2421ECAF00589CD9 /* PrivacyPolicyScreen.swift in Sources */,
				18A1C857244980F500BD365A /* GroupModel.swift in Sources */,
				1816ACB12421EB2600589CD9 /* AddPersonScreen.swift in Sources */,
				18CC652024472109003736BC /* MenuCell.swift in Sources */,
				1845D688242A118500584FB4 /* UserService.swift in Sources */,
				18CC652224472EC9003736BC /* ActiveSessionsScreen.swift in Sources */,
				186321F024371236001E2E53 /* LocationModel.swift in Sources */,
				1816AC692421E34E00589CD9 /* AppDelegate.swift in Sources */,
				18CC652A24473184003736BC /* AboutScreen.swift in Sources */,
				1816ACB32421EB3200589CD9 /* CreateGroupScreen.swift in Sources */,
				18CC652824472F5B003736BC /* HelpPrivacyScreen.swift in Sources */,
				18CC652E24484121003736BC /* UserModel.swift in Sources */,
				18708C422434A14C00940011 /* DeviceService.swift in Sources */,
				1816ACA72421E98700589CD9 /* HomeScreen.swift in Sources */,
				1845D686242A0AE700584FB4 /* LoginModel.swift in Sources */,
				1845D6842428FAFC00584FB4 /* Utils.swift in Sources */,
				1816ACBB2421EC8F00589CD9 /* HelpScreen.swift in Sources */,
				183F9674242CCFD900235065 /* GroupCell.swift in Sources */,
				18B905552445D442006ECCD1 /* SideMenuScreen.swift in Sources */,
				18CC651E24472100003736BC /* ProfileCell.swift in Sources */,
				188D44E5242887CE001D8CF0 /* UserCell.swift in Sources */,
				1816ACAF2421EB1A00589CD9 /* AddDeviceScreen.swift in Sources */,
				1836E51E24346D400078E572 /* StringExtensions.swift in Sources */,
				1816ACB52421EB3D00589CD9 /* GroupListScreen.swift in Sources */,
				1816ACBF2421F0B900589CD9 /* SceneDelegate.swift in Sources */,
				1816AC732421E34E00589CD9 /* PeopleTracker.xcdatamodeld in Sources */,
				1836E51B2433092B0078E572 /* NetowrkManager.swift in Sources */,
				1816ACB72421EB5C00589CD9 /* MapsScreen.swift in Sources */,
				18708C442434A5D200940011 /* DeviceModel.swift in Sources */,
				18CC652424472F17003736BC /* ProfileScreen.swift in Sources */,
				181ACFE52444337000EACCC5 /* LoginExtension.swift in Sources */,
				1816ACA32421E94D00589CD9 /* LoginScreen.swift in Sources */,
				18A1C8552449807B00BD365A /* GroupService.swift in Sources */,
				185A044B244990540087FD9F /* GroupListModel.swift in Sources */,
				18CC652624472F42003736BC /* SettingsScreen.swift in Sources */,
				1816ACB92421EB7A00589CD9 /* Constants.swift in Sources */,
			);
			runOnlyForDeploymentPostprocessing = 0;
		};
		1816AC7A2421E34F00589CD9 /* Sources */ = {
			isa = PBXSourcesBuildPhase;
			buildActionMask = 2147483647;
			files = (
				1816AC832421E34F00589CD9 /* PeopleTrackerTests.swift in Sources */,
				18A06A802431FD4E00E72E93 /* UserService.swift in Sources */,
			);
			runOnlyForDeploymentPostprocessing = 0;
		};
		1816AC852421E34F00589CD9 /* Sources */ = {
			isa = PBXSourcesBuildPhase;
			buildActionMask = 2147483647;
			files = (
				1816AC8E2421E34F00589CD9 /* PeopleTrackerUITests.swift in Sources */,
				18A06A812431FD4E00E72E93 /* UserService.swift in Sources */,
			);
			runOnlyForDeploymentPostprocessing = 0;
		};
/* End PBXSourcesBuildPhase section */

/* Begin PBXTargetDependency section */
		1816AC802421E34F00589CD9 /* PBXTargetDependency */ = {
			isa = PBXTargetDependency;
			target = 1816AC642421E34E00589CD9 /* PeopleTracker */;
			targetProxy = 1816AC7F2421E34F00589CD9 /* PBXContainerItemProxy */;
		};
		1816AC8B2421E34F00589CD9 /* PBXTargetDependency */ = {
			isa = PBXTargetDependency;
			target = 1816AC642421E34E00589CD9 /* PeopleTracker */;
			targetProxy = 1816AC8A2421E34F00589CD9 /* PBXContainerItemProxy */;
		};
/* End PBXTargetDependency section */

/* Begin PBXVariantGroup section */
		1816AC6E2421E34E00589CD9 /* Main.storyboard */ = {
			isa = PBXVariantGroup;
			children = (
				1816AC6F2421E34E00589CD9 /* Base */,
			);
			name = Main.storyboard;
			sourceTree = "<group>";
		};
		1816AC762421E34E00589CD9 /* LaunchScreen.storyboard */ = {
			isa = PBXVariantGroup;
			children = (
				1816AC772421E34E00589CD9 /* Base */,
			);
			name = LaunchScreen.storyboard;
			sourceTree = "<group>";
		};
/* End PBXVariantGroup section */

/* Begin XCBuildConfiguration section */
		1816AC902421E34F00589CD9 /* Debug */ = {
			isa = XCBuildConfiguration;
			buildSettings = {
				ALWAYS_SEARCH_USER_PATHS = NO;
				CLANG_ANALYZER_NONNULL = YES;
				CLANG_ANALYZER_NUMBER_OBJECT_CONVERSION = YES_AGGRESSIVE;
				CLANG_CXX_LANGUAGE_STANDARD = "gnu++14";
				CLANG_CXX_LIBRARY = "libc++";
				CLANG_ENABLE_MODULES = YES;
				CLANG_ENABLE_OBJC_ARC = YES;
				CLANG_ENABLE_OBJC_WEAK = YES;
				CLANG_WARN_BLOCK_CAPTURE_AUTORELEASING = YES;
				CLANG_WARN_BOOL_CONVERSION = YES;
				CLANG_WARN_COMMA = YES;
				CLANG_WARN_CONSTANT_CONVERSION = YES;
				CLANG_WARN_DEPRECATED_OBJC_IMPLEMENTATIONS = YES;
				CLANG_WARN_DIRECT_OBJC_ISA_USAGE = YES_ERROR;
				CLANG_WARN_DOCUMENTATION_COMMENTS = YES;
				CLANG_WARN_EMPTY_BODY = YES;
				CLANG_WARN_ENUM_CONVERSION = YES;
				CLANG_WARN_INFINITE_RECURSION = YES;
				CLANG_WARN_INT_CONVERSION = YES;
				CLANG_WARN_NON_LITERAL_NULL_CONVERSION = YES;
				CLANG_WARN_OBJC_IMPLICIT_RETAIN_SELF = YES;
				CLANG_WARN_OBJC_LITERAL_CONVERSION = YES;
				CLANG_WARN_OBJC_ROOT_CLASS = YES_ERROR;
				CLANG_WARN_RANGE_LOOP_ANALYSIS = YES;
				CLANG_WARN_STRICT_PROTOTYPES = YES;
				CLANG_WARN_SUSPICIOUS_MOVE = YES;
				CLANG_WARN_UNGUARDED_AVAILABILITY = YES_AGGRESSIVE;
				CLANG_WARN_UNREACHABLE_CODE = YES;
				CLANG_WARN__DUPLICATE_METHOD_MATCH = YES;
				COPY_PHASE_STRIP = NO;
				DEBUG_INFORMATION_FORMAT = dwarf;
				ENABLE_STRICT_OBJC_MSGSEND = YES;
				ENABLE_TESTABILITY = YES;
				GCC_C_LANGUAGE_STANDARD = gnu11;
				GCC_DYNAMIC_NO_PIC = NO;
				GCC_NO_COMMON_BLOCKS = YES;
				GCC_OPTIMIZATION_LEVEL = 0;
				GCC_PREPROCESSOR_DEFINITIONS = (
					"DEBUG=1",
					"$(inherited)",
				);
				GCC_WARN_64_TO_32_BIT_CONVERSION = YES;
				GCC_WARN_ABOUT_RETURN_TYPE = YES_ERROR;
				GCC_WARN_UNDECLARED_SELECTOR = YES;
				GCC_WARN_UNINITIALIZED_AUTOS = YES_AGGRESSIVE;
				GCC_WARN_UNUSED_FUNCTION = YES;
				GCC_WARN_UNUSED_VARIABLE = YES;
				IPHONEOS_DEPLOYMENT_TARGET = 12.4;
				MTL_ENABLE_DEBUG_INFO = INCLUDE_SOURCE;
				MTL_FAST_MATH = YES;
				ONLY_ACTIVE_ARCH = YES;
				SDKROOT = iphoneos;
				SWIFT_ACTIVE_COMPILATION_CONDITIONS = DEBUG;
				SWIFT_OPTIMIZATION_LEVEL = "-Onone";
			};
			name = Debug;
		};
		1816AC912421E34F00589CD9 /* Release */ = {
			isa = XCBuildConfiguration;
			buildSettings = {
				ALWAYS_SEARCH_USER_PATHS = NO;
				CLANG_ANALYZER_NONNULL = YES;
				CLANG_ANALYZER_NUMBER_OBJECT_CONVERSION = YES_AGGRESSIVE;
				CLANG_CXX_LANGUAGE_STANDARD = "gnu++14";
				CLANG_CXX_LIBRARY = "libc++";
				CLANG_ENABLE_MODULES = YES;
				CLANG_ENABLE_OBJC_ARC = YES;
				CLANG_ENABLE_OBJC_WEAK = YES;
				CLANG_WARN_BLOCK_CAPTURE_AUTORELEASING = YES;
				CLANG_WARN_BOOL_CONVERSION = YES;
				CLANG_WARN_COMMA = YES;
				CLANG_WARN_CONSTANT_CONVERSION = YES;
				CLANG_WARN_DEPRECATED_OBJC_IMPLEMENTATIONS = YES;
				CLANG_WARN_DIRECT_OBJC_ISA_USAGE = YES_ERROR;
				CLANG_WARN_DOCUMENTATION_COMMENTS = YES;
				CLANG_WARN_EMPTY_BODY = YES;
				CLANG_WARN_ENUM_CONVERSION = YES;
				CLANG_WARN_INFINITE_RECURSION = YES;
				CLANG_WARN_INT_CONVERSION = YES;
				CLANG_WARN_NON_LITERAL_NULL_CONVERSION = YES;
				CLANG_WARN_OBJC_IMPLICIT_RETAIN_SELF = YES;
				CLANG_WARN_OBJC_LITERAL_CONVERSION = YES;
				CLANG_WARN_OBJC_ROOT_CLASS = YES_ERROR;
				CLANG_WARN_RANGE_LOOP_ANALYSIS = YES;
				CLANG_WARN_STRICT_PROTOTYPES = YES;
				CLANG_WARN_SUSPICIOUS_MOVE = YES;
				CLANG_WARN_UNGUARDED_AVAILABILITY = YES_AGGRESSIVE;
				CLANG_WARN_UNREACHABLE_CODE = YES;
				CLANG_WARN__DUPLICATE_METHOD_MATCH = YES;
				COPY_PHASE_STRIP = NO;
				DEBUG_INFORMATION_FORMAT = "dwarf-with-dsym";
				ENABLE_NS_ASSERTIONS = NO;
				ENABLE_STRICT_OBJC_MSGSEND = YES;
				GCC_C_LANGUAGE_STANDARD = gnu11;
				GCC_NO_COMMON_BLOCKS = YES;
				GCC_WARN_64_TO_32_BIT_CONVERSION = YES;
				GCC_WARN_ABOUT_RETURN_TYPE = YES_ERROR;
				GCC_WARN_UNDECLARED_SELECTOR = YES;
				GCC_WARN_UNINITIALIZED_AUTOS = YES_AGGRESSIVE;
				GCC_WARN_UNUSED_FUNCTION = YES;
				GCC_WARN_UNUSED_VARIABLE = YES;
				IPHONEOS_DEPLOYMENT_TARGET = 12.4;
				MTL_ENABLE_DEBUG_INFO = NO;
				MTL_FAST_MATH = YES;
				SDKROOT = iphoneos;
				SWIFT_COMPILATION_MODE = wholemodule;
				SWIFT_OPTIMIZATION_LEVEL = "-O";
				VALIDATE_PRODUCT = YES;
			};
			name = Release;
		};
		1816AC932421E34F00589CD9 /* Debug */ = {
			isa = XCBuildConfiguration;
			baseConfigurationReference = E777C587E63BEBBC0E877072 /* Pods-PeopleTracker.debug.xcconfig */;
			buildSettings = {
				ASSETCATALOG_COMPILER_APPICON_NAME = AppIcon;
				CODE_SIGN_STYLE = Automatic;
				DEVELOPMENT_TEAM = 8PVH2NGH42;
				INFOPLIST_FILE = PeopleTracker/Info.plist;
				IPHONEOS_DEPLOYMENT_TARGET = 13.0;
				LD_RUNPATH_SEARCH_PATHS = (
					"$(inherited)",
					"@executable_path/Frameworks",
				);
				PRODUCT_BUNDLE_IDENTIFIER = com.jio.PeopleTracker;
				PRODUCT_NAME = "$(TARGET_NAME)";
				SWIFT_VERSION = 5.0;
				TARGETED_DEVICE_FAMILY = "1,2";
			};
			name = Debug;
		};
		1816AC942421E34F00589CD9 /* Release */ = {
			isa = XCBuildConfiguration;
			baseConfigurationReference = 4062F81057CFA54509C942FE /* Pods-PeopleTracker.release.xcconfig */;
			buildSettings = {
				ASSETCATALOG_COMPILER_APPICON_NAME = AppIcon;
				CODE_SIGN_STYLE = Automatic;
				DEVELOPMENT_TEAM = 8PVH2NGH42;
				INFOPLIST_FILE = PeopleTracker/Info.plist;
				IPHONEOS_DEPLOYMENT_TARGET = 13.0;
				LD_RUNPATH_SEARCH_PATHS = (
					"$(inherited)",
					"@executable_path/Frameworks",
				);
				PRODUCT_BUNDLE_IDENTIFIER = com.jio.PeopleTracker;
				PRODUCT_NAME = "$(TARGET_NAME)";
				SWIFT_VERSION = 5.0;
				TARGETED_DEVICE_FAMILY = "1,2";
			};
			name = Release;
		};
		1816AC962421E34F00589CD9 /* Debug */ = {
			isa = XCBuildConfiguration;
			baseConfigurationReference = 1D06A41AB10B7A158607EC5E /* Pods-PeopleTrackerTests.debug.xcconfig */;
			buildSettings = {
				ALWAYS_EMBED_SWIFT_STANDARD_LIBRARIES = YES;
				BUNDLE_LOADER = "$(TEST_HOST)";
				CODE_SIGN_STYLE = Automatic;
				INFOPLIST_FILE = PeopleTrackerTests/Info.plist;
				IPHONEOS_DEPLOYMENT_TARGET = 13.2;
				LD_RUNPATH_SEARCH_PATHS = (
					"$(inherited)",
					"@executable_path/Frameworks",
					"@loader_path/Frameworks",
				);
				PRODUCT_BUNDLE_IDENTIFIER = com.jio.PeopleTrackerTests;
				PRODUCT_NAME = "$(TARGET_NAME)";
				SWIFT_VERSION = 5.0;
				TARGETED_DEVICE_FAMILY = "1,2";
				TEST_HOST = "$(BUILT_PRODUCTS_DIR)/PeopleTracker.app/PeopleTracker";
			};
			name = Debug;
		};
		1816AC972421E34F00589CD9 /* Release */ = {
			isa = XCBuildConfiguration;
			baseConfigurationReference = DC414483DE5DB77445900FFF /* Pods-PeopleTrackerTests.release.xcconfig */;
			buildSettings = {
				ALWAYS_EMBED_SWIFT_STANDARD_LIBRARIES = YES;
				BUNDLE_LOADER = "$(TEST_HOST)";
				CODE_SIGN_STYLE = Automatic;
				INFOPLIST_FILE = PeopleTrackerTests/Info.plist;
				IPHONEOS_DEPLOYMENT_TARGET = 13.2;
				LD_RUNPATH_SEARCH_PATHS = (
					"$(inherited)",
					"@executable_path/Frameworks",
					"@loader_path/Frameworks",
				);
				PRODUCT_BUNDLE_IDENTIFIER = com.jio.PeopleTrackerTests;
				PRODUCT_NAME = "$(TARGET_NAME)";
				SWIFT_VERSION = 5.0;
				TARGETED_DEVICE_FAMILY = "1,2";
				TEST_HOST = "$(BUILT_PRODUCTS_DIR)/PeopleTracker.app/PeopleTracker";
			};
			name = Release;
		};
		1816AC992421E34F00589CD9 /* Debug */ = {
			isa = XCBuildConfiguration;
			baseConfigurationReference = 8726BFA3D79D73A1F648C7BB /* Pods-PeopleTracker-PeopleTrackerUITests.debug.xcconfig */;
			buildSettings = {
				ALWAYS_EMBED_SWIFT_STANDARD_LIBRARIES = YES;
				CODE_SIGN_STYLE = Automatic;
				INFOPLIST_FILE = PeopleTrackerUITests/Info.plist;
				LD_RUNPATH_SEARCH_PATHS = (
					"$(inherited)",
					"@executable_path/Frameworks",
					"@loader_path/Frameworks",
				);
				PRODUCT_BUNDLE_IDENTIFIER = com.jio.PeopleTrackerUITests;
				PRODUCT_NAME = "$(TARGET_NAME)";
				SWIFT_VERSION = 5.0;
				TARGETED_DEVICE_FAMILY = "1,2";
				TEST_TARGET_NAME = PeopleTracker;
			};
			name = Debug;
		};
		1816AC9A2421E34F00589CD9 /* Release */ = {
			isa = XCBuildConfiguration;
			baseConfigurationReference = 9A77D6151A0AD77C89A5186A /* Pods-PeopleTracker-PeopleTrackerUITests.release.xcconfig */;
			buildSettings = {
				ALWAYS_EMBED_SWIFT_STANDARD_LIBRARIES = YES;
				CODE_SIGN_STYLE = Automatic;
				INFOPLIST_FILE = PeopleTrackerUITests/Info.plist;
				LD_RUNPATH_SEARCH_PATHS = (
					"$(inherited)",
					"@executable_path/Frameworks",
					"@loader_path/Frameworks",
				);
				PRODUCT_BUNDLE_IDENTIFIER = com.jio.PeopleTrackerUITests;
				PRODUCT_NAME = "$(TARGET_NAME)";
				SWIFT_VERSION = 5.0;
				TARGETED_DEVICE_FAMILY = "1,2";
				TEST_TARGET_NAME = PeopleTracker;
			};
			name = Release;
		};
/* End XCBuildConfiguration section */

/* Begin XCConfigurationList section */
		1816AC602421E34E00589CD9 /* Build configuration list for PBXProject "PeopleTracker" */ = {
			isa = XCConfigurationList;
			buildConfigurations = (
				1816AC902421E34F00589CD9 /* Debug */,
				1816AC912421E34F00589CD9 /* Release */,
			);
			defaultConfigurationIsVisible = 0;
			defaultConfigurationName = Release;
		};
		1816AC922421E34F00589CD9 /* Build configuration list for PBXNativeTarget "PeopleTracker" */ = {
			isa = XCConfigurationList;
			buildConfigurations = (
				1816AC932421E34F00589CD9 /* Debug */,
				1816AC942421E34F00589CD9 /* Release */,
			);
			defaultConfigurationIsVisible = 0;
			defaultConfigurationName = Release;
		};
		1816AC952421E34F00589CD9 /* Build configuration list for PBXNativeTarget "PeopleTrackerTests" */ = {
			isa = XCConfigurationList;
			buildConfigurations = (
				1816AC962421E34F00589CD9 /* Debug */,
				1816AC972421E34F00589CD9 /* Release */,
			);
			defaultConfigurationIsVisible = 0;
			defaultConfigurationName = Release;
		};
		1816AC982421E34F00589CD9 /* Build configuration list for PBXNativeTarget "PeopleTrackerUITests" */ = {
			isa = XCConfigurationList;
			buildConfigurations = (
				1816AC992421E34F00589CD9 /* Debug */,
				1816AC9A2421E34F00589CD9 /* Release */,
			);
			defaultConfigurationIsVisible = 0;
			defaultConfigurationName = Release;
		};
/* End XCConfigurationList section */

/* Begin XCVersionGroup section */
		1816AC712421E34E00589CD9 /* PeopleTracker.xcdatamodeld */ = {
			isa = XCVersionGroup;
			children = (
				1816AC722421E34E00589CD9 /* PeopleTracker.xcdatamodel */,
			);
			currentVersion = 1816AC722421E34E00589CD9 /* PeopleTracker.xcdatamodel */;
			path = PeopleTracker.xcdatamodeld;
			sourceTree = "<group>";
			versionGroupType = wrapper.xcdatamodel;
		};
/* End XCVersionGroup section */
	};
	rootObject = 1816AC5D2421E34E00589CD9 /* Project object */;
}
